
Microsoft Visual Studio Solution File, Format Version 12.00
# Visual Studio Version 17
VisualStudioVersion = 17.5.33502.453
MinimumVisualStudioVersion = 10.0.40219.1
Project("{2150E333-8FDC-42A3-9474-1A3956D46DE8}") = "src", "src", "{618D701A-C727-45F5-A189-5BF8A936B31F}"
EndProject
Project("{2150E333-8FDC-42A3-9474-1A3956D46DE8}") = "packges", "packges", "{A300030C-5515-4F73-94AB-ACB4C6EA80CA}"
EndProject
Project("{2150E333-8FDC-42A3-9474-1A3956D46DE8}") = "framework", "framework", "{2EC1F142-0810-4ECB-86E0-300725CD81AE}"
EndProject
Project("{2150E333-8FDC-42A3-9474-1A3956D46DE8}") = "1-Domain", "1-Domain", "{C434D3FE-0D07-4C08-BCB1-C0B725B23C8E}"
EndProject
Project("{2150E333-8FDC-42A3-9474-1A3956D46DE8}") = "2-Services", "2-Services", "{12A36850-4EDA-48A2-96F7-B2A08C69E7FC}"
EndProject
Project("{2150E333-8FDC-42A3-9474-1A3956D46DE8}") = "3-Infrastructure", "3-Infrastructure", "{7222420A-AE0C-49F9-9611-47A95A4321F8}"
EndProject
Project("{2150E333-8FDC-42A3-9474-1A3956D46DE8}") = "4-EndPoints", "4-EndPoints", "{AD74047A-6581-46C7-A56C-ED7D6651C3BA}"
EndProject
Project("{9A19103F-16F7-4668-BE54-9A1E7A4F7556}") = "App.Domain.Core", "App.Domain.Core\App.Domain.Core.csproj", "{A592C7BD-361A-4809-9DF6-EA92B1354568}"
EndProject
Project("{9A19103F-16F7-4668-BE54-9A1E7A4F7556}") = "App.Services.Service", "App.Domain.Service\App.Services.Service.csproj", "{8865D5DD-33BE-4616-81C1-EEA8DAD84112}"
EndProject
Project("{9A19103F-16F7-4668-BE54-9A1E7A4F7556}") = "App.Infra.Data.Ef", "App.Infra.Data.Ef\App.Infra.Data.Ef.csproj", "{E1DB569E-5F3C-4511-8784-DE6689A834D4}"
EndProject
Project("{9A19103F-16F7-4668-BE54-9A1E7A4F7556}") = "App.EndPoints.MVC", "App.EndPoints.MVC\App.EndPoints.MVC.csproj", "{BE1CB348-95AA-44DA-B926-7F8DFFE361C3}"
EndProject
Project("{2150E333-8FDC-42A3-9474-1A3956D46DE8}") = "0-FrameWork", "0-FrameWork", "{DAC6B2A1-5296-40DD-A987-39502AF1511D}"
EndProject
Project("{9A19103F-16F7-4668-BE54-9A1E7A4F7556}") = "App.Services.AppService", "App.Services.AppService\App.Services.AppService.csproj", "{A0DB40C4-F94E-414F-B1D1-52C3F8D473B5}"
EndProject
Project("{9A19103F-16F7-4668-BE54-9A1E7A4F7556}") = "App.Infra.Data.Db", "App.Infra.Data.Db\App.Infra.Data.Db.csproj", "{39B1DBC3-79E1-408B-A7A9-F30D0459F766}"
EndProject
Project("{FAE04EC0-301F-11D3-BF4B-00C04F79EFBC}") = "FrameWork", "App.FrameWork\FrameWork.csproj", "{70B22C62-2B2E-4882-802B-6DABF2ECF831}"
EndProject
Global
	GlobalSection(SolutionConfigurationPlatforms) = preSolution
		Debug|Any CPU = Debug|Any CPU
		Release|Any CPU = Release|Any CPU
	EndGlobalSection
	GlobalSection(ProjectConfigurationPlatforms) = postSolution
		{A592C7BD-361A-4809-9DF6-EA92B1354568}.Debug|Any CPU.ActiveCfg = Debug|Any CPU
		{A592C7BD-361A-4809-9DF6-EA92B1354568}.Debug|Any CPU.Build.0 = Debug|Any CPU
		{A592C7BD-361A-4809-9DF6-EA92B1354568}.Release|Any CPU.ActiveCfg = Release|Any CPU
		{A592C7BD-361A-4809-9DF6-EA92B1354568}.Release|Any CPU.Build.0 = Release|Any CPU
		{8865D5DD-33BE-4616-81C1-EEA8DAD84112}.Debug|Any CPU.ActiveCfg = Debug|Any CPU
		{8865D5DD-33BE-4616-81C1-EEA8DAD84112}.Debug|Any CPU.Build.0 = Debug|Any CPU
		{8865D5DD-33BE-4616-81C1-EEA8DAD84112}.Release|Any CPU.ActiveCfg = Release|Any CPU
		{8865D5DD-33BE-4616-81C1-EEA8DAD84112}.Release|Any CPU.Build.0 = Release|Any CPU
		{E1DB569E-5F3C-4511-8784-DE6689A834D4}.Debug|Any CPU.ActiveCfg = Debug|Any CPU
		{E1DB569E-5F3C-4511-8784-DE6689A834D4}.Debug|Any CPU.Build.0 = Debug|Any CPU
		{E1DB569E-5F3C-4511-8784-DE6689A834D4}.Release|Any CPU.ActiveCfg = Release|Any CPU
		{E1DB569E-5F3C-4511-8784-DE6689A834D4}.Release|Any CPU.Build.0 = Release|Any CPU
		{BE1CB348-95AA-44DA-B926-7F8DFFE361C3}.Debug|Any CPU.ActiveCfg = Debug|Any CPU
		{BE1CB348-95AA-44DA-B926-7F8DFFE361C3}.Debug|Any CPU.Build.0 = Debug|Any CPU
		{BE1CB348-95AA-44DA-B926-7F8DFFE361C3}.Release|Any CPU.ActiveCfg = Release|Any CPU
		{BE1CB348-95AA-44DA-B926-7F8DFFE361C3}.Release|Any CPU.Build.0 = Release|Any CPU
		{A0DB40C4-F94E-414F-B1D1-52C3F8D473B5}.Debug|Any CPU.ActiveCfg = Debug|Any CPU
		{A0DB40C4-F94E-414F-B1D1-52C3F8D473B5}.Debug|Any CPU.Build.0 = Debug|Any CPU
		{A0DB40C4-F94E-414F-B1D1-52C3F8D473B5}.Release|Any CPU.ActiveCfg = Release|Any CPU
		{A0DB40C4-F94E-414F-B1D1-52C3F8D473B5}.Release|Any CPU.Build.0 = Release|Any CPU
		{39B1DBC3-79E1-408B-A7A9-F30D0459F766}.Debug|Any CPU.ActiveCfg = Debug|Any CPU
		{39B1DBC3-79E1-408B-A7A9-F30D0459F766}.Debug|Any CPU.Build.0 = Debug|Any CPU
		{39B1DBC3-79E1-408B-A7A9-F30D0459F766}.Release|Any CPU.ActiveCfg = Release|Any CPU
		{39B1DBC3-79E1-408B-A7A9-F30D0459F766}.Release|Any CPU.Build.0 = Release|Any CPU
		{70B22C62-2B2E-4882-802B-6DABF2ECF831}.Debug|Any CPU.ActiveCfg = Debug|Any CPU
		{70B22C62-2B2E-4882-802B-6DABF2ECF831}.Debug|Any CPU.Build.0 = Debug|Any CPU
		{70B22C62-2B2E-4882-802B-6DABF2ECF831}.Release|Any CPU.ActiveCfg = Release|Any CPU
		{70B22C62-2B2E-4882-802B-6DABF2ECF831}.Release|Any CPU.Build.0 = Release|Any CPU
	EndGlobalSection
	GlobalSection(SolutionProperties) = preSolution
		HideSolutionNode = FALSE
	EndGlobalSection
	GlobalSection(NestedProjects) = preSolution
		{C434D3FE-0D07-4C08-BCB1-C0B725B23C8E} = {618D701A-C727-45F5-A189-5BF8A936B31F}
		{12A36850-4EDA-48A2-96F7-B2A08C69E7FC} = {618D701A-C727-45F5-A189-5BF8A936B31F}
		{7222420A-AE0C-49F9-9611-47A95A4321F8} = {618D701A-C727-45F5-A189-5BF8A936B31F}
		{AD74047A-6581-46C7-A56C-ED7D6651C3BA} = {618D701A-C727-45F5-A189-5BF8A936B31F}
		{A592C7BD-361A-4809-9DF6-EA92B1354568} = {C434D3FE-0D07-4C08-BCB1-C0B725B23C8E}
		{8865D5DD-33BE-4616-81C1-EEA8DAD84112} = {12A36850-4EDA-48A2-96F7-B2A08C69E7FC}
		{E1DB569E-5F3C-4511-8784-DE6689A834D4} = {7222420A-AE0C-49F9-9611-47A95A4321F8}
		{BE1CB348-95AA-44DA-B926-7F8DFFE361C3} = {AD74047A-6581-46C7-A56C-ED7D6651C3BA}
		{DAC6B2A1-5296-40DD-A987-39502AF1511D} = {618D701A-C727-45F5-A189-5BF8A936B31F}
		{A0DB40C4-F94E-414F-B1D1-52C3F8D473B5} = {12A36850-4EDA-48A2-96F7-B2A08C69E7FC}
		{39B1DBC3-79E1-408B-A7A9-F30D0459F766} = {7222420A-AE0C-49F9-9611-47A95A4321F8}
		{70B22C62-2B2E-4882-802B-6DABF2ECF831} = {DAC6B2A1-5296-40DD-A987-39502AF1511D}
	EndGlobalSection
	GlobalSection(ExtensibilityGlobals) = postSolution
		SolutionGuid = {A46AD97E-F803-43E9-8BC1-F5BD7A9BE668}
	EndGlobalSection
EndGlobal
